
Microsoft Visual Studio Solution File, Format Version 12.00
# Visual Studio Version 16
VisualStudioVersion = 16.0.30204.135
MinimumVisualStudioVersion = 10.0.40219.1
Project("{FAE04EC0-301F-11D3-BF4B-00C04F79EFBC}") = "StackOverflowPost", "StackOverflowPost\StackOverflowPost.csproj", "{AF81B9C8-E329-47A0-91E0-2C1F21CDF84F}"
EndProject
Global
	GlobalSection(SolutionConfigurationPlatforms) = preSolution
		Debug|Any CPU = Debug|Any CPU
		Release|Any CPU = Release|Any CPU
	EndGlobalSection
	GlobalSection(ProjectConfigurationPlatforms) = postSolution
		{AF81B9C8-E329-47A0-91E0-2C1F21CDF84F}.Debug|Any CPU.ActiveCfg = Debug|Any CPU
		{AF81B9C8-E329-47A0-91E0-2C1F21CDF84F}.Debug|Any CPU.Build.0 = Debug|Any CPU
		{AF81B9C8-E329-47A0-91E0-2C1F21CDF84F}.Release|Any CPU.ActiveCfg = Release|Any CPU
		{AF81B9C8-E329-47A0-91E0-2C1F21CDF84F}.Release|Any CPU.Build.0 = Release|Any CPU
	EndGlobalSection
	GlobalSection(SolutionProperties) = preSolution
		HideSolutionNode = FALSE
	EndGlobalSection
	GlobalSection(ExtensibilityGlobals) = postSolution
		SolutionGuid = {F4F09163-F614-415E-BB53-63370FE3B434}
	EndGlobalSection
EndGlobal
